{
  "name": "ts-dex",
  "lockfileVersion": 3,
  "requires": true,
  "packages": {
    "": {
      "dependencies": {
        "@types/dom-view-transitions": "^1.0.5",
        "typescript": "^5.5.4"
      }
    },
    "node_modules/@types/dom-view-transitions": {
      "version": "1.0.5",
      "resolved": "https://registry.npmjs.org/@types/dom-view-transitions/-/dom-view-transitions-1.0.5.tgz",
      "integrity": "sha512-N2sILR7fxSMnaFaAPwGj4DtHCXjIyQTHt+xJyf9jATpzUsTkMNM0DWtqZB6W7f501B/Y0tq3uqat/VlbjuTpMA==",
      "license": "MIT"
    },
    "node_modules/typescript": {
      "version": "5.5.4",
      "resolved": "https://registry.npmjs.org/typescript/-/typescript-5.5.4.tgz",
      "integrity": "sha512-Mtq29sKDAEYP7aljRgtPOpTvOfbwRWlS6dPRzwjdE+C0R4brX/GUyhHSecbHMFLNBLcJIPt9nl9yG5TZ1weH+Q==",
      "license": "Apache-2.0",
      "bin": {
        "tsc": "bin/tsc",
        "tsserver": "bin/tsserver"
      },
      "engines": {
        "node": ">=14.17"
      }
    }
  }
}
